
Microsoft Visual Studio Solution File, Format Version 12.00
# Visual Studio 15
VisualStudioVersion = 15.0.28307.329
MinimumVisualStudioVersion = 10.0.40219.1
Project("{FAE04EC0-301F-11D3-BF4B-00C04F79EFBC}") = "Height-of-Binary-Tree", "Height-of-Binary-Tree\Height-of-Binary-Tree.csproj", "{3BB78F6C-B4C2-4DB8-8C20-89F724F9DBF6}"
EndProject
Global
	GlobalSection(SolutionConfigurationPlatforms) = preSolution
		Debug|Any CPU = Debug|Any CPU
		Release|Any CPU = Release|Any CPU
	EndGlobalSection
	GlobalSection(ProjectConfigurationPlatforms) = postSolution
		{3BB78F6C-B4C2-4DB8-8C20-89F724F9DBF6}.Debug|Any CPU.ActiveCfg = Debug|Any CPU
		{3BB78F6C-B4C2-4DB8-8C20-89F724F9DBF6}.Debug|Any CPU.Build.0 = Debug|Any CPU
		{3BB78F6C-B4C2-4DB8-8C20-89F724F9DBF6}.Release|Any CPU.ActiveCfg = Release|Any CPU
		{3BB78F6C-B4C2-4DB8-8C20-89F724F9DBF6}.Release|Any CPU.Build.0 = Release|Any CPU
	EndGlobalSection
	GlobalSection(SolutionProperties) = preSolution
		HideSolutionNode = FALSE
	EndGlobalSection
	GlobalSection(ExtensibilityGlobals) = postSolution
		SolutionGuid = {C231279C-34C4-4D4D-813E-802169B1F468}
	EndGlobalSection
EndGlobal
