
Microsoft Visual Studio Solution File, Format Version 12.00
# Visual Studio 15
VisualStudioVersion = 15.0.28307.329
MinimumVisualStudioVersion = 10.0.40219.1
Project("{FAE04EC0-301F-11D3-BF4B-00C04F79EFBC}") = "Repeated_Word", "Repeated_Word\Repeated_Word.csproj", "{347E9BCC-0DC9-44AD-857D-F60C9A405C2B}"
EndProject
Project("{FAE04EC0-301F-11D3-BF4B-00C04F79EFBC}") = "Repeated_Words_TDD", "Repeated_Words_TDD\Repeated_Words_TDD.csproj", "{6E334185-9475-47C0-9AAC-CC4AC2C1B735}"
EndProject
Global
	GlobalSection(SolutionConfigurationPlatforms) = preSolution
		Debug|Any CPU = Debug|Any CPU
		Release|Any CPU = Release|Any CPU
	EndGlobalSection
	GlobalSection(ProjectConfigurationPlatforms) = postSolution
		{347E9BCC-0DC9-44AD-857D-F60C9A405C2B}.Debug|Any CPU.ActiveCfg = Debug|Any CPU
		{347E9BCC-0DC9-44AD-857D-F60C9A405C2B}.Debug|Any CPU.Build.0 = Debug|Any CPU
		{347E9BCC-0DC9-44AD-857D-F60C9A405C2B}.Release|Any CPU.ActiveCfg = Release|Any CPU
		{347E9BCC-0DC9-44AD-857D-F60C9A405C2B}.Release|Any CPU.Build.0 = Release|Any CPU
		{6E334185-9475-47C0-9AAC-CC4AC2C1B735}.Debug|Any CPU.ActiveCfg = Debug|Any CPU
		{6E334185-9475-47C0-9AAC-CC4AC2C1B735}.Debug|Any CPU.Build.0 = Debug|Any CPU
		{6E334185-9475-47C0-9AAC-CC4AC2C1B735}.Release|Any CPU.ActiveCfg = Release|Any CPU
		{6E334185-9475-47C0-9AAC-CC4AC2C1B735}.Release|Any CPU.Build.0 = Release|Any CPU
	EndGlobalSection
	GlobalSection(SolutionProperties) = preSolution
		HideSolutionNode = FALSE
	EndGlobalSection
	GlobalSection(ExtensibilityGlobals) = postSolution
		SolutionGuid = {F10FE7E3-99B4-453F-BD86-9DFC6221CABB}
	EndGlobalSection
EndGlobal
