
Microsoft Visual Studio Solution File, Format Version 12.00
# Visual Studio 15
VisualStudioVersion = 15.0.28307.329
MinimumVisualStudioVersion = 10.0.40219.1
Project("{FAE04EC0-301F-11D3-BF4B-00C04F79EFBC}") = "Left_Join", "Left_Join\Left_Join.csproj", "{598B46E2-1D07-4A0A-897D-1DA0B5AE832C}"
EndProject
Project("{FAE04EC0-301F-11D3-BF4B-00C04F79EFBC}") = "LeftJoin_TDD", "LeftJoin_TDD\LeftJoin_TDD.csproj", "{94E88E98-1AA4-4E5C-8319-34C35CCD8449}"
EndProject
Global
	GlobalSection(SolutionConfigurationPlatforms) = preSolution
		Debug|Any CPU = Debug|Any CPU
		Release|Any CPU = Release|Any CPU
	EndGlobalSection
	GlobalSection(ProjectConfigurationPlatforms) = postSolution
		{598B46E2-1D07-4A0A-897D-1DA0B5AE832C}.Debug|Any CPU.ActiveCfg = Debug|Any CPU
		{598B46E2-1D07-4A0A-897D-1DA0B5AE832C}.Debug|Any CPU.Build.0 = Debug|Any CPU
		{598B46E2-1D07-4A0A-897D-1DA0B5AE832C}.Release|Any CPU.ActiveCfg = Release|Any CPU
		{598B46E2-1D07-4A0A-897D-1DA0B5AE832C}.Release|Any CPU.Build.0 = Release|Any CPU
		{94E88E98-1AA4-4E5C-8319-34C35CCD8449}.Debug|Any CPU.ActiveCfg = Debug|Any CPU
		{94E88E98-1AA4-4E5C-8319-34C35CCD8449}.Debug|Any CPU.Build.0 = Debug|Any CPU
		{94E88E98-1AA4-4E5C-8319-34C35CCD8449}.Release|Any CPU.ActiveCfg = Release|Any CPU
		{94E88E98-1AA4-4E5C-8319-34C35CCD8449}.Release|Any CPU.Build.0 = Release|Any CPU
	EndGlobalSection
	GlobalSection(SolutionProperties) = preSolution
		HideSolutionNode = FALSE
	EndGlobalSection
	GlobalSection(ExtensibilityGlobals) = postSolution
		SolutionGuid = {CD6DC7E5-8883-468A-82BB-0EEA4A04FFEC}
	EndGlobalSection
EndGlobal
