
Microsoft Visual Studio Solution File, Format Version 12.00
# Visual Studio 15
VisualStudioVersion = 15.0.28307.329
MinimumVisualStudioVersion = 10.0.40219.1
Project("{FAE04EC0-301F-11D3-BF4B-00C04F79EFBC}") = "Are_Characters_Unique", "Are_Characters_Unique\Are_Characters_Unique.csproj", "{E5704448-E7C6-4E11-A0CF-54A4FC852734}"
EndProject
Project("{FAE04EC0-301F-11D3-BF4B-00C04F79EFBC}") = "Are-Character-Unique-TDD", "Are-Character-Unique-TDD\Are-Character-Unique-TDD.csproj", "{2554C341-0FEB-4D95-9B7A-176BF98906E6}"
EndProject
Global
	GlobalSection(SolutionConfigurationPlatforms) = preSolution
		Debug|Any CPU = Debug|Any CPU
		Release|Any CPU = Release|Any CPU
	EndGlobalSection
	GlobalSection(ProjectConfigurationPlatforms) = postSolution
		{E5704448-E7C6-4E11-A0CF-54A4FC852734}.Debug|Any CPU.ActiveCfg = Debug|Any CPU
		{E5704448-E7C6-4E11-A0CF-54A4FC852734}.Debug|Any CPU.Build.0 = Debug|Any CPU
		{E5704448-E7C6-4E11-A0CF-54A4FC852734}.Release|Any CPU.ActiveCfg = Release|Any CPU
		{E5704448-E7C6-4E11-A0CF-54A4FC852734}.Release|Any CPU.Build.0 = Release|Any CPU
		{2554C341-0FEB-4D95-9B7A-176BF98906E6}.Debug|Any CPU.ActiveCfg = Debug|Any CPU
		{2554C341-0FEB-4D95-9B7A-176BF98906E6}.Debug|Any CPU.Build.0 = Debug|Any CPU
		{2554C341-0FEB-4D95-9B7A-176BF98906E6}.Release|Any CPU.ActiveCfg = Release|Any CPU
		{2554C341-0FEB-4D95-9B7A-176BF98906E6}.Release|Any CPU.Build.0 = Release|Any CPU
	EndGlobalSection
	GlobalSection(SolutionProperties) = preSolution
		HideSolutionNode = FALSE
	EndGlobalSection
	GlobalSection(ExtensibilityGlobals) = postSolution
		SolutionGuid = {A3A713DD-CD85-46B1-919A-F4CFB4A9BC5A}
	EndGlobalSection
EndGlobal
