
Microsoft Visual Studio Solution File, Format Version 12.00
# Visual Studio 15
VisualStudioVersion = 15.0.28307.329
MinimumVisualStudioVersion = 10.0.40219.1
Project("{FAE04EC0-301F-11D3-BF4B-00C04F79EFBC}") = "Graph", "Graph\Graph.csproj", "{7B787F45-8AB8-4BA9-A9AD-FAC4BB25E07A}"
EndProject
Global
	GlobalSection(SolutionConfigurationPlatforms) = preSolution
		Debug|Any CPU = Debug|Any CPU
		Release|Any CPU = Release|Any CPU
	EndGlobalSection
	GlobalSection(ProjectConfigurationPlatforms) = postSolution
		{7B787F45-8AB8-4BA9-A9AD-FAC4BB25E07A}.Debug|Any CPU.ActiveCfg = Debug|Any CPU
		{7B787F45-8AB8-4BA9-A9AD-FAC4BB25E07A}.Debug|Any CPU.Build.0 = Debug|Any CPU
		{7B787F45-8AB8-4BA9-A9AD-FAC4BB25E07A}.Release|Any CPU.ActiveCfg = Release|Any CPU
		{7B787F45-8AB8-4BA9-A9AD-FAC4BB25E07A}.Release|Any CPU.Build.0 = Release|Any CPU
	EndGlobalSection
	GlobalSection(SolutionProperties) = preSolution
		HideSolutionNode = FALSE
	EndGlobalSection
	GlobalSection(ExtensibilityGlobals) = postSolution
		SolutionGuid = {7BCC2248-76B2-4C11-8848-82113152CEDB}
	EndGlobalSection
EndGlobal
